
Microsoft Visual Studio Solution File, Format Version 12.00
# Visual Studio Version 16
VisualStudioVersion = 16.0.29102.190
MinimumVisualStudioVersion = 10.0.40219.1
Project("{FAE04EC0-301F-11D3-BF4B-00C04F79EFBC}") = "RestSharpDataDriven", "RestSharpDataDriven\RestSharpDataDriven.csproj", "{A7D52D92-08F5-49A7-B55D-CE1A4C7AA7D6}"
EndProject
Global
	GlobalSection(SolutionConfigurationPlatforms) = preSolution
		Debug|Any CPU = Debug|Any CPU
		Release|Any CPU = Release|Any CPU
	EndGlobalSection
	GlobalSection(ProjectConfigurationPlatforms) = postSolution
		{A7D52D92-08F5-49A7-B55D-CE1A4C7AA7D6}.Debug|Any CPU.ActiveCfg = Debug|Any CPU
		{A7D52D92-08F5-49A7-B55D-CE1A4C7AA7D6}.Debug|Any CPU.Build.0 = Debug|Any CPU
		{A7D52D92-08F5-49A7-B55D-CE1A4C7AA7D6}.Release|Any CPU.ActiveCfg = Release|Any CPU
		{A7D52D92-08F5-49A7-B55D-CE1A4C7AA7D6}.Release|Any CPU.Build.0 = Release|Any CPU
	EndGlobalSection
	GlobalSection(SolutionProperties) = preSolution
		HideSolutionNode = FALSE
	EndGlobalSection
	GlobalSection(ExtensibilityGlobals) = postSolution
		SolutionGuid = {06C091D0-F849-4C87-AADD-BF845DE4020D}
	EndGlobalSection
EndGlobal
